// !$*UTF8*$!
{
	archiveVersion = 1;
	classes = {
	};
	objectVersion = 51;
	objects = {

/* Begin PBXBuildFile section */
		0163C18223C598CC0008754B /* DueView.swift in Sources */ = {isa = PBXBuildFile; fileRef = 0163C18123C598CC0008754B /* DueView.swift */; };
		0163C18423C5B4440008754B /* CardView.swift in Sources */ = {isa = PBXBuildFile; fileRef = 0163C18323C5B4440008754B /* CardView.swift */; };
		0163C18623C5BB150008754B /* ActionView.swift in Sources */ = {isa = PBXBuildFile; fileRef = 0163C18523C5BB150008754B /* ActionView.swift */; };
		0163C18923C5BEC50008754B /* CardConfig.swift in Sources */ = {isa = PBXBuildFile; fileRef = 0163C18823C5BEC50008754B /* CardConfig.swift */; };
		01751E0B23C3B4D9003966B8 /* UILabel+Extensions.swift in Sources */ = {isa = PBXBuildFile; fileRef = 01751E0A23C3B4D9003966B8 /* UILabel+Extensions.swift */; };
		019EFD3123C1D01100294C84 /* UIView+Autolayout.swift in Sources */ = {isa = PBXBuildFile; fileRef = 019EFD3023C1D01100294C84 /* UIView+Autolayout.swift */; };
		019EFD3323C1D03E00294C84 /* Collection+Safe.swift in Sources */ = {isa = PBXBuildFile; fileRef = 019EFD3223C1D03E00294C84 /* Collection+Safe.swift */; };
		019EFD3523C1D05800294C84 /* UIViewController+Alert.swift in Sources */ = {isa = PBXBuildFile; fileRef = 019EFD3423C1D05800294C84 /* UIViewController+Alert.swift */; };
		019EFD3823C1D08400294C84 /* AppDefaults.swift in Sources */ = {isa = PBXBuildFile; fileRef = 019EFD3723C1D08400294C84 /* AppDefaults.swift */; };
		019EFD3A23C1D0D700294C84 /* Strings.swift in Sources */ = {isa = PBXBuildFile; fileRef = 019EFD3923C1D0D700294C84 /* Strings.swift */; };
		019EFD3D23C1D1A200294C84 /* UITableView+Reusable.swift in Sources */ = {isa = PBXBuildFile; fileRef = 019EFD3C23C1D1A200294C84 /* UITableView+Reusable.swift */; };
		019EFD3F23C1D1D800294C84 /* UIColor+Theme.swift in Sources */ = {isa = PBXBuildFile; fileRef = 019EFD3E23C1D1D800294C84 /* UIColor+Theme.swift */; };
		019EFD4123C1D23C00294C84 /* UIView+Theme.swift in Sources */ = {isa = PBXBuildFile; fileRef = 019EFD4023C1D23C00294C84 /* UIView+Theme.swift */; };
		019EFD4623C1D35100294C84 /* MockData.json in Resources */ = {isa = PBXBuildFile; fileRef = 019EFD4523C1D35100294C84 /* MockData.json */; };
		019EFD4823C1E14A00294C84 /* MockNetwork.swift in Sources */ = {isa = PBXBuildFile; fileRef = 019EFD4723C1E14A00294C84 /* MockNetwork.swift */; };
		019EFD4B23C1EC2100294C84 /* AppError.swift in Sources */ = {isa = PBXBuildFile; fileRef = 019EFD4A23C1EC2100294C84 /* AppError.swift */; };
		019EFD4F23C1F86800294C84 /* PaymentCardCell.swift in Sources */ = {isa = PBXBuildFile; fileRef = 019EFD4E23C1F86800294C84 /* PaymentCardCell.swift */; };
		01A092CA23C2321A009C27CB /* UIPanGesture+Directions.swift in Sources */ = {isa = PBXBuildFile; fileRef = 01A092C923C2321A009C27CB /* UIPanGesture+Directions.swift */; };
		01A1701323BF8B5D007E21B1 /* AppDelegate.swift in Sources */ = {isa = PBXBuildFile; fileRef = 01A1701223BF8B5D007E21B1 /* AppDelegate.swift */; };
		01A1701923BF8B60007E21B1 /* Assets.xcassets in Resources */ = {isa = PBXBuildFile; fileRef = 01A1701823BF8B60007E21B1 /* Assets.xcassets */; };
		01A1701C23BF8B60007E21B1 /* Preview Assets.xcassets in Resources */ = {isa = PBXBuildFile; fileRef = 01A1701B23BF8B60007E21B1 /* Preview Assets.xcassets */; };
		01A1701F23BF8B60007E21B1 /* LaunchScreen.storyboard in Resources */ = {isa = PBXBuildFile; fileRef = 01A1701D23BF8B60007E21B1 /* LaunchScreen.storyboard */; };
		01A1702A23BF8B60007E21B1 /* SwippyTests.swift in Sources */ = {isa = PBXBuildFile; fileRef = 01A1702923BF8B60007E21B1 /* SwippyTests.swift */; };
		01A1703523BF8B60007E21B1 /* SwippyUITests.swift in Sources */ = {isa = PBXBuildFile; fileRef = 01A1703423BF8B60007E21B1 /* SwippyUITests.swift */; };
		01FABAE923BF8C7C00A9A0CA /* PaymentCardsModuleBuilder.swift in Sources */ = {isa = PBXBuildFile; fileRef = 01FABAE323BF8C7C00A9A0CA /* PaymentCardsModuleBuilder.swift */; };
		01FABAEA23BF8C7C00A9A0CA /* PaymentCardsPresenter.swift in Sources */ = {isa = PBXBuildFile; fileRef = 01FABAE423BF8C7C00A9A0CA /* PaymentCardsPresenter.swift */; };
		01FABAEB23BF8C7C00A9A0CA /* PaymentCardsRouter.swift in Sources */ = {isa = PBXBuildFile; fileRef = 01FABAE523BF8C7C00A9A0CA /* PaymentCardsRouter.swift */; };
		01FABAEC23BF8C7C00A9A0CA /* PaymentCardsViewController.swift in Sources */ = {isa = PBXBuildFile; fileRef = 01FABAE623BF8C7C00A9A0CA /* PaymentCardsViewController.swift */; };
		01FABAED23BF8C7C00A9A0CA /* PaymentCardsProtocols.swift in Sources */ = {isa = PBXBuildFile; fileRef = 01FABAE723BF8C7C00A9A0CA /* PaymentCardsProtocols.swift */; };
		01FABAEE23BF8C7C00A9A0CA /* PaymentCardsInteractor.swift in Sources */ = {isa = PBXBuildFile; fileRef = 01FABAE823BF8C7C00A9A0CA /* PaymentCardsInteractor.swift */; };
		01FABAF523C1C58F00A9A0CA /* PCard.swift in Sources */ = {isa = PBXBuildFile; fileRef = 01FABAF423C1C58F00A9A0CA /* PCard.swift */; };
		01FABAF723C1C6C900A9A0CA /* AppRouter.swift in Sources */ = {isa = PBXBuildFile; fileRef = 01FABAF623C1C6C900A9A0CA /* AppRouter.swift */; };
		7F67CACC8CD475C9E6271F90 /* Pods_SwippyTests.framework in Frameworks */ = {isa = PBXBuildFile; fileRef = 5308A4C77AC2ED4A6736646F /* Pods_SwippyTests.framework */; };
		9BAD1CEC7A8773E3D02BB903 /* Pods_Swippy.framework in Frameworks */ = {isa = PBXBuildFile; fileRef = 9EA7494E4E7DF1EEBF9533E7 /* Pods_Swippy.framework */; };
		9E84E1A2DED0A14BEB2D8A6D /* Pods_Swippy_SwippyUITests.framework in Frameworks */ = {isa = PBXBuildFile; fileRef = ADEFE66D665D3750B62442F1 /* Pods_Swippy_SwippyUITests.framework */; };
/* End PBXBuildFile section */

/* Begin PBXContainerItemProxy section */
		01A1702623BF8B60007E21B1 /* PBXContainerItemProxy */ = {
			isa = PBXContainerItemProxy;
			containerPortal = 01A1700723BF8B5D007E21B1 /* Project object */;
			proxyType = 1;
			remoteGlobalIDString = 01A1700E23BF8B5D007E21B1;
			remoteInfo = Swippy;
		};
		01A1703123BF8B60007E21B1 /* PBXContainerItemProxy */ = {
			isa = PBXContainerItemProxy;
			containerPortal = 01A1700723BF8B5D007E21B1 /* Project object */;
			proxyType = 1;
			remoteGlobalIDString = 01A1700E23BF8B5D007E21B1;
			remoteInfo = Swippy;
		};
/* End PBXContainerItemProxy section */

/* Begin PBXFileReference section */
		0163C18123C598CC0008754B /* DueView.swift */ = {isa = PBXFileReference; lastKnownFileType = sourcecode.swift; path = DueView.swift; sourceTree = "<group>"; };
		0163C18323C5B4440008754B /* CardView.swift */ = {isa = PBXFileReference; lastKnownFileType = sourcecode.swift; path = CardView.swift; sourceTree = "<group>"; };
		0163C18523C5BB150008754B /* ActionView.swift */ = {isa = PBXFileReference; lastKnownFileType = sourcecode.swift; path = ActionView.swift; sourceTree = "<group>"; };
		0163C18823C5BEC50008754B /* CardConfig.swift */ = {isa = PBXFileReference; lastKnownFileType = sourcecode.swift; path = CardConfig.swift; sourceTree = "<group>"; };
		01751E0A23C3B4D9003966B8 /* UILabel+Extensions.swift */ = {isa = PBXFileReference; lastKnownFileType = sourcecode.swift; path = "UILabel+Extensions.swift"; sourceTree = "<group>"; };
		019EFD3023C1D01100294C84 /* UIView+Autolayout.swift */ = {isa = PBXFileReference; lastKnownFileType = sourcecode.swift; path = "UIView+Autolayout.swift"; sourceTree = "<group>"; };
		019EFD3223C1D03E00294C84 /* Collection+Safe.swift */ = {isa = PBXFileReference; lastKnownFileType = sourcecode.swift; path = "Collection+Safe.swift"; sourceTree = "<group>"; };
		019EFD3423C1D05800294C84 /* UIViewController+Alert.swift */ = {isa = PBXFileReference; lastKnownFileType = sourcecode.swift; path = "UIViewController+Alert.swift"; sourceTree = "<group>"; };
		019EFD3723C1D08400294C84 /* AppDefaults.swift */ = {isa = PBXFileReference; lastKnownFileType = sourcecode.swift; path = AppDefaults.swift; sourceTree = "<group>"; };
		019EFD3923C1D0D700294C84 /* Strings.swift */ = {isa = PBXFileReference; lastKnownFileType = sourcecode.swift; path = Strings.swift; sourceTree = "<group>"; };
		019EFD3C23C1D1A200294C84 /* UITableView+Reusable.swift */ = {isa = PBXFileReference; lastKnownFileType = sourcecode.swift; path = "UITableView+Reusable.swift"; sourceTree = "<group>"; };
		019EFD3E23C1D1D800294C84 /* UIColor+Theme.swift */ = {isa = PBXFileReference; lastKnownFileType = sourcecode.swift; path = "UIColor+Theme.swift"; sourceTree = "<group>"; };
		019EFD4023C1D23C00294C84 /* UIView+Theme.swift */ = {isa = PBXFileReference; lastKnownFileType = sourcecode.swift; path = "UIView+Theme.swift"; sourceTree = "<group>"; };
		019EFD4523C1D35100294C84 /* MockData.json */ = {isa = PBXFileReference; lastKnownFileType = text.json; path = MockData.json; sourceTree = "<group>"; };
		019EFD4723C1E14A00294C84 /* MockNetwork.swift */ = {isa = PBXFileReference; lastKnownFileType = sourcecode.swift; path = MockNetwork.swift; sourceTree = "<group>"; };
		019EFD4A23C1EC2100294C84 /* AppError.swift */ = {isa = PBXFileReference; lastKnownFileType = sourcecode.swift; path = AppError.swift; sourceTree = "<group>"; };
		019EFD4E23C1F86800294C84 /* PaymentCardCell.swift */ = {isa = PBXFileReference; lastKnownFileType = sourcecode.swift; path = PaymentCardCell.swift; sourceTree = "<group>"; };
		01A092C923C2321A009C27CB /* UIPanGesture+Directions.swift */ = {isa = PBXFileReference; lastKnownFileType = sourcecode.swift; path = "UIPanGesture+Directions.swift"; sourceTree = "<group>"; };
		01A1700F23BF8B5D007E21B1 /* Swippy.app */ = {isa = PBXFileReference; explicitFileType = wrapper.application; includeInIndex = 0; path = Swippy.app; sourceTree = BUILT_PRODUCTS_DIR; };
		01A1701223BF8B5D007E21B1 /* AppDelegate.swift */ = {isa = PBXFileReference; lastKnownFileType = sourcecode.swift; path = AppDelegate.swift; sourceTree = "<group>"; };
		01A1701823BF8B60007E21B1 /* Assets.xcassets */ = {isa = PBXFileReference; lastKnownFileType = folder.assetcatalog; path = Assets.xcassets; sourceTree = "<group>"; };
		01A1701B23BF8B60007E21B1 /* Preview Assets.xcassets */ = {isa = PBXFileReference; lastKnownFileType = folder.assetcatalog; path = "Preview Assets.xcassets"; sourceTree = "<group>"; };
		01A1701E23BF8B60007E21B1 /* Base */ = {isa = PBXFileReference; lastKnownFileType = file.storyboard; name = Base; path = Base.lproj/LaunchScreen.storyboard; sourceTree = "<group>"; };
		01A1702023BF8B60007E21B1 /* Info.plist */ = {isa = PBXFileReference; lastKnownFileType = text.plist.xml; path = Info.plist; sourceTree = "<group>"; };
		01A1702523BF8B60007E21B1 /* SwippyTests.xctest */ = {isa = PBXFileReference; explicitFileType = wrapper.cfbundle; includeInIndex = 0; path = SwippyTests.xctest; sourceTree = BUILT_PRODUCTS_DIR; };
		01A1702923BF8B60007E21B1 /* SwippyTests.swift */ = {isa = PBXFileReference; lastKnownFileType = sourcecode.swift; path = SwippyTests.swift; sourceTree = "<group>"; };
		01A1702B23BF8B60007E21B1 /* Info.plist */ = {isa = PBXFileReference; lastKnownFileType = text.plist.xml; path = Info.plist; sourceTree = "<group>"; };
		01A1703023BF8B60007E21B1 /* SwippyUITests.xctest */ = {isa = PBXFileReference; explicitFileType = wrapper.cfbundle; includeInIndex = 0; path = SwippyUITests.xctest; sourceTree = BUILT_PRODUCTS_DIR; };
		01A1703423BF8B60007E21B1 /* SwippyUITests.swift */ = {isa = PBXFileReference; lastKnownFileType = sourcecode.swift; path = SwippyUITests.swift; sourceTree = "<group>"; };
		01A1703623BF8B60007E21B1 /* Info.plist */ = {isa = PBXFileReference; lastKnownFileType = text.plist.xml; path = Info.plist; sourceTree = "<group>"; };
		01FABAE323BF8C7C00A9A0CA /* PaymentCardsModuleBuilder.swift */ = {isa = PBXFileReference; lastKnownFileType = sourcecode.swift; path = PaymentCardsModuleBuilder.swift; sourceTree = "<group>"; };
		01FABAE423BF8C7C00A9A0CA /* PaymentCardsPresenter.swift */ = {isa = PBXFileReference; lastKnownFileType = sourcecode.swift; path = PaymentCardsPresenter.swift; sourceTree = "<group>"; };
		01FABAE523BF8C7C00A9A0CA /* PaymentCardsRouter.swift */ = {isa = PBXFileReference; lastKnownFileType = sourcecode.swift; path = PaymentCardsRouter.swift; sourceTree = "<group>"; };
		01FABAE623BF8C7C00A9A0CA /* PaymentCardsViewController.swift */ = {isa = PBXFileReference; lastKnownFileType = sourcecode.swift; path = PaymentCardsViewController.swift; sourceTree = "<group>"; };
		01FABAE723BF8C7C00A9A0CA /* PaymentCardsProtocols.swift */ = {isa = PBXFileReference; lastKnownFileType = sourcecode.swift; path = PaymentCardsProtocols.swift; sourceTree = "<group>"; };
		01FABAE823BF8C7C00A9A0CA /* PaymentCardsInteractor.swift */ = {isa = PBXFileReference; lastKnownFileType = sourcecode.swift; path = PaymentCardsInteractor.swift; sourceTree = "<group>"; };
		01FABAF423C1C58F00A9A0CA /* PCard.swift */ = {isa = PBXFileReference; lastKnownFileType = sourcecode.swift; path = PCard.swift; sourceTree = "<group>"; };
		01FABAF623C1C6C900A9A0CA /* AppRouter.swift */ = {isa = PBXFileReference; lastKnownFileType = sourcecode.swift; path = AppRouter.swift; sourceTree = "<group>"; };
		18F1DD1A81B4D9F56103AE23 /* Pods-SwippyTests.debug.xcconfig */ = {isa = PBXFileReference; includeInIndex = 1; lastKnownFileType = text.xcconfig; name = "Pods-SwippyTests.debug.xcconfig"; path = "Target Support Files/Pods-SwippyTests/Pods-SwippyTests.debug.xcconfig"; sourceTree = "<group>"; };
		407A3496D2F630CEB6AB0FB4 /* Pods-Swippy-SwippyUITests.debug.xcconfig */ = {isa = PBXFileReference; includeInIndex = 1; lastKnownFileType = text.xcconfig; name = "Pods-Swippy-SwippyUITests.debug.xcconfig"; path = "Target Support Files/Pods-Swippy-SwippyUITests/Pods-Swippy-SwippyUITests.debug.xcconfig"; sourceTree = "<group>"; };
		4361BB1C3627E7FC3559163C /* Pods-Swippy-SwippyUITests.release.xcconfig */ = {isa = PBXFileReference; includeInIndex = 1; lastKnownFileType = text.xcconfig; name = "Pods-Swippy-SwippyUITests.release.xcconfig"; path = "Target Support Files/Pods-Swippy-SwippyUITests/Pods-Swippy-SwippyUITests.release.xcconfig"; sourceTree = "<group>"; };
		5308A4C77AC2ED4A6736646F /* Pods_SwippyTests.framework */ = {isa = PBXFileReference; explicitFileType = wrapper.framework; includeInIndex = 0; path = Pods_SwippyTests.framework; sourceTree = BUILT_PRODUCTS_DIR; };
		5418E29709A2D56BD7D60BF6 /* Pods-SwippyTests.release.xcconfig */ = {isa = PBXFileReference; includeInIndex = 1; lastKnownFileType = text.xcconfig; name = "Pods-SwippyTests.release.xcconfig"; path = "Target Support Files/Pods-SwippyTests/Pods-SwippyTests.release.xcconfig"; sourceTree = "<group>"; };
		6B3D706C9660B000C776DC90 /* Pods-Swippy.release.xcconfig */ = {isa = PBXFileReference; includeInIndex = 1; lastKnownFileType = text.xcconfig; name = "Pods-Swippy.release.xcconfig"; path = "Target Support Files/Pods-Swippy/Pods-Swippy.release.xcconfig"; sourceTree = "<group>"; };
		9EA7494E4E7DF1EEBF9533E7 /* Pods_Swippy.framework */ = {isa = PBXFileReference; explicitFileType = wrapper.framework; includeInIndex = 0; path = Pods_Swippy.framework; sourceTree = BUILT_PRODUCTS_DIR; };
		ADEFE66D665D3750B62442F1 /* Pods_Swippy_SwippyUITests.framework */ = {isa = PBXFileReference; explicitFileType = wrapper.framework; includeInIndex = 0; path = Pods_Swippy_SwippyUITests.framework; sourceTree = BUILT_PRODUCTS_DIR; };
		ED8ECDC5D3ABEFC8EB2E4DB4 /* Pods-Swippy.debug.xcconfig */ = {isa = PBXFileReference; includeInIndex = 1; lastKnownFileType = text.xcconfig; name = "Pods-Swippy.debug.xcconfig"; path = "Target Support Files/Pods-Swippy/Pods-Swippy.debug.xcconfig"; sourceTree = "<group>"; };
/* End PBXFileReference section */

/* Begin PBXFrameworksBuildPhase section */
		01A1700C23BF8B5D007E21B1 /* Frameworks */ = {
			isa = PBXFrameworksBuildPhase;
			buildActionMask = 2147483647;
			files = (
				9BAD1CEC7A8773E3D02BB903 /* Pods_Swippy.framework in Frameworks */,
			);
			runOnlyForDeploymentPostprocessing = 0;
		};
		01A1702223BF8B60007E21B1 /* Frameworks */ = {
			isa = PBXFrameworksBuildPhase;
			buildActionMask = 2147483647;
			files = (
				7F67CACC8CD475C9E6271F90 /* Pods_SwippyTests.framework in Frameworks */,
			);
			runOnlyForDeploymentPostprocessing = 0;
		};
		01A1702D23BF8B60007E21B1 /* Frameworks */ = {
			isa = PBXFrameworksBuildPhase;
			buildActionMask = 2147483647;
			files = (
				9E84E1A2DED0A14BEB2D8A6D /* Pods_Swippy_SwippyUITests.framework in Frameworks */,
			);
			runOnlyForDeploymentPostprocessing = 0;
		};
/* End PBXFrameworksBuildPhase section */

/* Begin PBXGroup section */
		0163C18723C5BEB80008754B /* Config */ = {
			isa = PBXGroup;
			children = (
				0163C18823C5BEC50008754B /* CardConfig.swift */,
			);
			path = Config;
			sourceTree = "<group>";
		};
		0163C18A23C66C200008754B /* Entity */ = {
			isa = PBXGroup;
			children = (
				01FABAF423C1C58F00A9A0CA /* PCard.swift */,
			);
			path = Entity;
			sourceTree = "<group>";
		};
		019EFD2F23C1CFD300294C84 /* Extensions */ = {
			isa = PBXGroup;
			children = (
				019EFD3023C1D01100294C84 /* UIView+Autolayout.swift */,
				019EFD3223C1D03E00294C84 /* Collection+Safe.swift */,
				019EFD3423C1D05800294C84 /* UIViewController+Alert.swift */,
				019EFD3C23C1D1A200294C84 /* UITableView+Reusable.swift */,
				019EFD3E23C1D1D800294C84 /* UIColor+Theme.swift */,
				019EFD4023C1D23C00294C84 /* UIView+Theme.swift */,
				01A092C923C2321A009C27CB /* UIPanGesture+Directions.swift */,
				01751E0A23C3B4D9003966B8 /* UILabel+Extensions.swift */,
			);
			path = Extensions;
			sourceTree = "<group>";
		};
		019EFD3623C1D07A00294C84 /* Constants */ = {
			isa = PBXGroup;
			children = (
				019EFD3723C1D08400294C84 /* AppDefaults.swift */,
				019EFD3923C1D0D700294C84 /* Strings.swift */,
			);
			path = Constants;
			sourceTree = "<group>";
		};
		019EFD3B23C1D0F700294C84 /* MockAPI */ = {
			isa = PBXGroup;
			children = (
				019EFD4523C1D35100294C84 /* MockData.json */,
				019EFD4723C1E14A00294C84 /* MockNetwork.swift */,
			);
			path = MockAPI;
			sourceTree = "<group>";
		};
		019EFD4923C1EC1100294C84 /* Errors */ = {
			isa = PBXGroup;
			children = (
				019EFD4A23C1EC2100294C84 /* AppError.swift */,
			);
			path = Errors;
			sourceTree = "<group>";
		};
		019EFD4C23C1F85400294C84 /* View */ = {
			isa = PBXGroup;
			children = (
				01A092CB23C27950009C27CB /* Special View */,
				01FABAE623BF8C7C00A9A0CA /* PaymentCardsViewController.swift */,
				019EFD4D23C1F85B00294C84 /* Cell */,
			);
			path = View;
			sourceTree = "<group>";
		};
		019EFD4D23C1F85B00294C84 /* Cell */ = {
			isa = PBXGroup;
			children = (
				019EFD4E23C1F86800294C84 /* PaymentCardCell.swift */,
			);
			path = Cell;
			sourceTree = "<group>";
		};
		019EFD5023C204BD00294C84 /* Router */ = {
			isa = PBXGroup;
			children = (
				01FABAE523BF8C7C00A9A0CA /* PaymentCardsRouter.swift */,
			);
			path = Router;
			sourceTree = "<group>";
		};
		019EFD5123C204C200294C84 /* Presenter */ = {
			isa = PBXGroup;
			children = (
				01FABAE423BF8C7C00A9A0CA /* PaymentCardsPresenter.swift */,
			);
			path = Presenter;
			sourceTree = "<group>";
		};
		019EFD5223C204C900294C84 /* Protocols */ = {
			isa = PBXGroup;
			children = (
				01FABAE723BF8C7C00A9A0CA /* PaymentCardsProtocols.swift */,
			);
			path = Protocols;
			sourceTree = "<group>";
		};
		019EFD5323C204CF00294C84 /* Interactor */ = {
			isa = PBXGroup;
			children = (
				01FABAE823BF8C7C00A9A0CA /* PaymentCardsInteractor.swift */,
			);
			path = Interactor;
			sourceTree = "<group>";
		};
		019EFD5423C204D700294C84 /* ModuleBuilder */ = {
			isa = PBXGroup;
			children = (
				01FABAE323BF8C7C00A9A0CA /* PaymentCardsModuleBuilder.swift */,
			);
			path = ModuleBuilder;
			sourceTree = "<group>";
		};
		01A092CB23C27950009C27CB /* Special View */ = {
			isa = PBXGroup;
			children = (
				0163C18123C598CC0008754B /* DueView.swift */,
				0163C18323C5B4440008754B /* CardView.swift */,
				0163C18523C5BB150008754B /* ActionView.swift */,
			);
			path = "Special View";
			sourceTree = "<group>";
		};
		01A1700623BF8B5D007E21B1 = {
			isa = PBXGroup;
			children = (
				01A1701123BF8B5D007E21B1 /* Swippy */,
				01A1702823BF8B60007E21B1 /* SwippyTests */,
				01A1703323BF8B60007E21B1 /* SwippyUITests */,
				01A1701023BF8B5D007E21B1 /* Products */,
				953447F71AB0AE665647DF8C /* Pods */,
				DA7C69E42007082A03D33800 /* Frameworks */,
			);
			sourceTree = "<group>";
		};
		01A1701023BF8B5D007E21B1 /* Products */ = {
			isa = PBXGroup;
			children = (
				01A1700F23BF8B5D007E21B1 /* Swippy.app */,
				01A1702523BF8B60007E21B1 /* SwippyTests.xctest */,
				01A1703023BF8B60007E21B1 /* SwippyUITests.xctest */,
			);
			name = Products;
			sourceTree = "<group>";
		};
		01A1701123BF8B5D007E21B1 /* Swippy */ = {
			isa = PBXGroup;
			children = (
				01FABAE123BF8C2100A9A0CA /* Source */,
				01FABAF223C1C07000A9A0CA /* Supporting Files */,
				01A1701A23BF8B60007E21B1 /* Preview Content */,
			);
			path = Swippy;
			sourceTree = "<group>";
		};
		01A1701A23BF8B60007E21B1 /* Preview Content */ = {
			isa = PBXGroup;
			children = (
				01A1701B23BF8B60007E21B1 /* Preview Assets.xcassets */,
			);
			path = "Preview Content";
			sourceTree = "<group>";
		};
		01A1702823BF8B60007E21B1 /* SwippyTests */ = {
			isa = PBXGroup;
			children = (
				01A1702923BF8B60007E21B1 /* SwippyTests.swift */,
				01A1702B23BF8B60007E21B1 /* Info.plist */,
			);
			path = SwippyTests;
			sourceTree = "<group>";
		};
		01A1703323BF8B60007E21B1 /* SwippyUITests */ = {
			isa = PBXGroup;
			children = (
				01A1703423BF8B60007E21B1 /* SwippyUITests.swift */,
				01A1703623BF8B60007E21B1 /* Info.plist */,
			);
			path = SwippyUITests;
			sourceTree = "<group>";
		};
		01FABAE123BF8C2100A9A0CA /* Source */ = {
			isa = PBXGroup;
			children = (
				019EFD4923C1EC1100294C84 /* Errors */,
				019EFD3B23C1D0F700294C84 /* MockAPI */,
				019EFD3623C1D07A00294C84 /* Constants */,
				019EFD2F23C1CFD300294C84 /* Extensions */,
				01FABAF123C1C05200A9A0CA /* Assets */,
				01FABAF023C1C04300A9A0CA /* App Init */,
				01FABAEF23C1C03000A9A0CA /* Module */,
			);
			path = Source;
			sourceTree = "<group>";
		};
		01FABAE223BF8C2E00A9A0CA /* PaymentCards */ = {
			isa = PBXGroup;
			children = (
				0163C18A23C66C200008754B /* Entity */,
				0163C18723C5BEB80008754B /* Config */,
				019EFD5423C204D700294C84 /* ModuleBuilder */,
				019EFD5323C204CF00294C84 /* Interactor */,
				019EFD5223C204C900294C84 /* Protocols */,
				019EFD5123C204C200294C84 /* Presenter */,
				019EFD5023C204BD00294C84 /* Router */,
				019EFD4C23C1F85400294C84 /* View */,
			);
			path = PaymentCards;
			sourceTree = "<group>";
		};
		01FABAEF23C1C03000A9A0CA /* Module */ = {
			isa = PBXGroup;
			children = (
				01FABAE223BF8C2E00A9A0CA /* PaymentCards */,
			);
			path = Module;
			sourceTree = "<group>";
		};
		01FABAF023C1C04300A9A0CA /* App Init */ = {
			isa = PBXGroup;
			children = (
				01A1701223BF8B5D007E21B1 /* AppDelegate.swift */,
				01FABAF623C1C6C900A9A0CA /* AppRouter.swift */,
			);
			path = "App Init";
			sourceTree = "<group>";
		};
		01FABAF123C1C05200A9A0CA /* Assets */ = {
			isa = PBXGroup;
			children = (
				01A1701823BF8B60007E21B1 /* Assets.xcassets */,
			);
			path = Assets;
			sourceTree = "<group>";
		};
		01FABAF223C1C07000A9A0CA /* Supporting Files */ = {
			isa = PBXGroup;
			children = (
				01A1701D23BF8B60007E21B1 /* LaunchScreen.storyboard */,
				01A1702023BF8B60007E21B1 /* Info.plist */,
			);
			path = "Supporting Files";
			sourceTree = "<group>";
		};
		953447F71AB0AE665647DF8C /* Pods */ = {
			isa = PBXGroup;
			children = (
				ED8ECDC5D3ABEFC8EB2E4DB4 /* Pods-Swippy.debug.xcconfig */,
				6B3D706C9660B000C776DC90 /* Pods-Swippy.release.xcconfig */,
				407A3496D2F630CEB6AB0FB4 /* Pods-Swippy-SwippyUITests.debug.xcconfig */,
				4361BB1C3627E7FC3559163C /* Pods-Swippy-SwippyUITests.release.xcconfig */,
				18F1DD1A81B4D9F56103AE23 /* Pods-SwippyTests.debug.xcconfig */,
				5418E29709A2D56BD7D60BF6 /* Pods-SwippyTests.release.xcconfig */,
			);
			path = Pods;
			sourceTree = "<group>";
		};
		DA7C69E42007082A03D33800 /* Frameworks */ = {
			isa = PBXGroup;
			children = (
				9EA7494E4E7DF1EEBF9533E7 /* Pods_Swippy.framework */,
				ADEFE66D665D3750B62442F1 /* Pods_Swippy_SwippyUITests.framework */,
				5308A4C77AC2ED4A6736646F /* Pods_SwippyTests.framework */,
			);
			name = Frameworks;
			sourceTree = "<group>";
		};
/* End PBXGroup section */

/* Begin PBXNativeTarget section */
		01A1700E23BF8B5D007E21B1 /* Swippy */ = {
			isa = PBXNativeTarget;
			buildConfigurationList = 01A1703923BF8B60007E21B1 /* Build configuration list for PBXNativeTarget "Swippy" */;
			buildPhases = (
				FA341954B26EBD2DC98BFF18 /* [CP] Check Pods Manifest.lock */,
				01A1700B23BF8B5D007E21B1 /* Sources */,
				01A1700C23BF8B5D007E21B1 /* Frameworks */,
				01A1700D23BF8B5D007E21B1 /* Resources */,
				8F69F4D335C4DFEADA45A5D4 /* [CP] Embed Pods Frameworks */,
			);
			buildRules = (
			);
			dependencies = (
			);
			name = Swippy;
			productName = Swippy;
			productReference = 01A1700F23BF8B5D007E21B1 /* Swippy.app */;
			productType = "com.apple.product-type.application";
		};
		01A1702423BF8B60007E21B1 /* SwippyTests */ = {
			isa = PBXNativeTarget;
			buildConfigurationList = 01A1703C23BF8B60007E21B1 /* Build configuration list for PBXNativeTarget "SwippyTests" */;
			buildPhases = (
				92E741E2E9FAD9EF80CC8E4B /* [CP] Check Pods Manifest.lock */,
				01A1702123BF8B60007E21B1 /* Sources */,
				01A1702223BF8B60007E21B1 /* Frameworks */,
				01A1702323BF8B60007E21B1 /* Resources */,
			);
			buildRules = (
			);
			dependencies = (
				01A1702723BF8B60007E21B1 /* PBXTargetDependency */,
			);
			name = SwippyTests;
			productName = SwippyTests;
			productReference = 01A1702523BF8B60007E21B1 /* SwippyTests.xctest */;
			productType = "com.apple.product-type.bundle.unit-test";
		};
		01A1702F23BF8B60007E21B1 /* SwippyUITests */ = {
			isa = PBXNativeTarget;
			buildConfigurationList = 01A1703F23BF8B60007E21B1 /* Build configuration list for PBXNativeTarget "SwippyUITests" */;
			buildPhases = (
				BC06327084372CF3B460565C /* [CP] Check Pods Manifest.lock */,
				01A1702C23BF8B60007E21B1 /* Sources */,
				01A1702D23BF8B60007E21B1 /* Frameworks */,
				01A1702E23BF8B60007E21B1 /* Resources */,
				FD3640BE4315250EA3266739 /* [CP] Embed Pods Frameworks */,
			);
			buildRules = (
			);
			dependencies = (
				01A1703223BF8B60007E21B1 /* PBXTargetDependency */,
			);
			name = SwippyUITests;
			productName = SwippyUITests;
			productReference = 01A1703023BF8B60007E21B1 /* SwippyUITests.xctest */;
			productType = "com.apple.product-type.bundle.ui-testing";
		};
/* End PBXNativeTarget section */

/* Begin PBXProject section */
		01A1700723BF8B5D007E21B1 /* Project object */ = {
			isa = PBXProject;
			attributes = {
				LastSwiftUpdateCheck = 1130;
				LastUpgradeCheck = 1130;
				ORGANIZATIONNAME = "Sudipta Sahoo";
				TargetAttributes = {
					01A1700E23BF8B5D007E21B1 = {
						CreatedOnToolsVersion = 11.3;
					};
					01A1702423BF8B60007E21B1 = {
						CreatedOnToolsVersion = 11.3;
						TestTargetID = 01A1700E23BF8B5D007E21B1;
					};
					01A1702F23BF8B60007E21B1 = {
						CreatedOnToolsVersion = 11.3;
						TestTargetID = 01A1700E23BF8B5D007E21B1;
					};
				};
			};
			buildConfigurationList = 01A1700A23BF8B5D007E21B1 /* Build configuration list for PBXProject "Swippy" */;
			compatibilityVersion = "Xcode 9.3";
			developmentRegion = en;
			hasScannedForEncodings = 0;
			knownRegions = (
				en,
				Base,
			);
			mainGroup = 01A1700623BF8B5D007E21B1;
			productRefGroup = 01A1701023BF8B5D007E21B1 /* Products */;
			projectDirPath = "";
			projectRoot = "";
			targets = (
				01A1700E23BF8B5D007E21B1 /* Swippy */,
				01A1702423BF8B60007E21B1 /* SwippyTests */,
				01A1702F23BF8B60007E21B1 /* SwippyUITests */,
			);
		};
/* End PBXProject section */

/* Begin PBXResourcesBuildPhase section */
		01A1700D23BF8B5D007E21B1 /* Resources */ = {
			isa = PBXResourcesBuildPhase;
			buildActionMask = 2147483647;
			files = (
				01A1701F23BF8B60007E21B1 /* LaunchScreen.storyboard in Resources */,
				019EFD4623C1D35100294C84 /* MockData.json in Resources */,
				01A1701C23BF8B60007E21B1 /* Preview Assets.xcassets in Resources */,
				01A1701923BF8B60007E21B1 /* Assets.xcassets in Resources */,
			);
			runOnlyForDeploymentPostprocessing = 0;
		};
		01A1702323BF8B60007E21B1 /* Resources */ = {
			isa = PBXResourcesBuildPhase;
			buildActionMask = 2147483647;
			files = (
			);
			runOnlyForDeploymentPostprocessing = 0;
		};
		01A1702E23BF8B60007E21B1 /* Resources */ = {
			isa = PBXResourcesBuildPhase;
			buildActionMask = 2147483647;
			files = (
			);
			runOnlyForDeploymentPostprocessing = 0;
		};
/* End PBXResourcesBuildPhase section */

/* Begin PBXShellScriptBuildPhase section */
		8F69F4D335C4DFEADA45A5D4 /* [CP] Embed Pods Frameworks */ = {
			isa = PBXShellScriptBuildPhase;
			buildActionMask = 2147483647;
			files = (
			);
			inputFileListPaths = (
				"${PODS_ROOT}/Target Support Files/Pods-Swippy/Pods-Swippy-frameworks-${CONFIGURATION}-input-files.xcfilelist",
			);
			name = "[CP] Embed Pods Frameworks";
			outputFileListPaths = (
				"${PODS_ROOT}/Target Support Files/Pods-Swippy/Pods-Swippy-frameworks-${CONFIGURATION}-output-files.xcfilelist",
			);
			runOnlyForDeploymentPostprocessing = 0;
			shellPath = /bin/sh;
			shellScript = "\"${PODS_ROOT}/Target Support Files/Pods-Swippy/Pods-Swippy-frameworks.sh\"\n";
			showEnvVarsInLog = 0;
		};
		92E741E2E9FAD9EF80CC8E4B /* [CP] Check Pods Manifest.lock */ = {
			isa = PBXShellScriptBuildPhase;
			buildActionMask = 2147483647;
			files = (
			);
			inputFileListPaths = (
			);
			inputPaths = (
				"${PODS_PODFILE_DIR_PATH}/Podfile.lock",
				"${PODS_ROOT}/Manifest.lock",
			);
			name = "[CP] Check Pods Manifest.lock";
			outputFileListPaths = (
			);
			outputPaths = (
				"$(DERIVED_FILE_DIR)/Pods-SwippyTests-checkManifestLockResult.txt",
			);
			runOnlyForDeploymentPostprocessing = 0;
			shellPath = /bin/sh;
			shellScript = "diff \"${PODS_PODFILE_DIR_PATH}/Podfile.lock\" \"${PODS_ROOT}/Manifest.lock\" > /dev/null\nif [ $? != 0 ] ; then\n    # print error to STDERR\n    echo \"error: The sandbox is not in sync with the Podfile.lock. Run 'pod install' or update your CocoaPods installation.\" >&2\n    exit 1\nfi\n# This output is used by Xcode 'outputs' to avoid re-running this script phase.\necho \"SUCCESS\" > \"${SCRIPT_OUTPUT_FILE_0}\"\n";
			showEnvVarsInLog = 0;
		};
		BC06327084372CF3B460565C /* [CP] Check Pods Manifest.lock */ = {
			isa = PBXShellScriptBuildPhase;
			buildActionMask = 2147483647;
			files = (
			);
			inputFileListPaths = (
			);
			inputPaths = (
				"${PODS_PODFILE_DIR_PATH}/Podfile.lock",
				"${PODS_ROOT}/Manifest.lock",
			);
			name = "[CP] Check Pods Manifest.lock";
			outputFileListPaths = (
			);
			outputPaths = (
				"$(DERIVED_FILE_DIR)/Pods-Swippy-SwippyUITests-checkManifestLockResult.txt",
			);
			runOnlyForDeploymentPostprocessing = 0;
			shellPath = /bin/sh;
			shellScript = "diff \"${PODS_PODFILE_DIR_PATH}/Podfile.lock\" \"${PODS_ROOT}/Manifest.lock\" > /dev/null\nif [ $? != 0 ] ; then\n    # print error to STDERR\n    echo \"error: The sandbox is not in sync with the Podfile.lock. Run 'pod install' or update your CocoaPods installation.\" >&2\n    exit 1\nfi\n# This output is used by Xcode 'outputs' to avoid re-running this script phase.\necho \"SUCCESS\" > \"${SCRIPT_OUTPUT_FILE_0}\"\n";
			showEnvVarsInLog = 0;
		};
		FA341954B26EBD2DC98BFF18 /* [CP] Check Pods Manifest.lock */ = {
			isa = PBXShellScriptBuildPhase;
			buildActionMask = 2147483647;
			files = (
			);
			inputFileListPaths = (
			);
			inputPaths = (
				"${PODS_PODFILE_DIR_PATH}/Podfile.lock",
				"${PODS_ROOT}/Manifest.lock",
			);
			name = "[CP] Check Pods Manifest.lock";
			outputFileListPaths = (
			);
			outputPaths = (
				"$(DERIVED_FILE_DIR)/Pods-Swippy-checkManifestLockResult.txt",
			);
			runOnlyForDeploymentPostprocessing = 0;
			shellPath = /bin/sh;
			shellScript = "diff \"${PODS_PODFILE_DIR_PATH}/Podfile.lock\" \"${PODS_ROOT}/Manifest.lock\" > /dev/null\nif [ $? != 0 ] ; then\n    # print error to STDERR\n    echo \"error: The sandbox is not in sync with the Podfile.lock. Run 'pod install' or update your CocoaPods installation.\" >&2\n    exit 1\nfi\n# This output is used by Xcode 'outputs' to avoid re-running this script phase.\necho \"SUCCESS\" > \"${SCRIPT_OUTPUT_FILE_0}\"\n";
			showEnvVarsInLog = 0;
		};
		FD3640BE4315250EA3266739 /* [CP] Embed Pods Frameworks */ = {
			isa = PBXShellScriptBuildPhase;
			buildActionMask = 2147483647;
			files = (
			);
			inputFileListPaths = (
				"${PODS_ROOT}/Target Support Files/Pods-Swippy-SwippyUITests/Pods-Swippy-SwippyUITests-frameworks-${CONFIGURATION}-input-files.xcfilelist",
			);
			name = "[CP] Embed Pods Frameworks";
			outputFileListPaths = (
				"${PODS_ROOT}/Target Support Files/Pods-Swippy-SwippyUITests/Pods-Swippy-SwippyUITests-frameworks-${CONFIGURATION}-output-files.xcfilelist",
			);
			runOnlyForDeploymentPostprocessing = 0;
			shellPath = /bin/sh;
			shellScript = "\"${PODS_ROOT}/Target Support Files/Pods-Swippy-SwippyUITests/Pods-Swippy-SwippyUITests-frameworks.sh\"\n";
			showEnvVarsInLog = 0;
		};
/* End PBXShellScriptBuildPhase section */

/* Begin PBXSourcesBuildPhase section */
		01A1700B23BF8B5D007E21B1 /* Sources */ = {
			isa = PBXSourcesBuildPhase;
			buildActionMask = 2147483647;
			files = (
				01FABAEA23BF8C7C00A9A0CA /* PaymentCardsPresenter.swift in Sources */,
				019EFD3323C1D03E00294C84 /* Collection+Safe.swift in Sources */,
				01751E0B23C3B4D9003966B8 /* UILabel+Extensions.swift in Sources */,
				01FABAEC23BF8C7C00A9A0CA /* PaymentCardsViewController.swift in Sources */,
				019EFD3523C1D05800294C84 /* UIViewController+Alert.swift in Sources */,
				0163C18223C598CC0008754B /* DueView.swift in Sources */,
				01A1701323BF8B5D007E21B1 /* AppDelegate.swift in Sources */,
				01FABAEE23BF8C7C00A9A0CA /* PaymentCardsInteractor.swift in Sources */,
				019EFD3A23C1D0D700294C84 /* Strings.swift in Sources */,
				01FABAF523C1C58F00A9A0CA /* PCard.swift in Sources */,
				019EFD4F23C1F86800294C84 /* PaymentCardCell.swift in Sources */,
				01FABAE923BF8C7C00A9A0CA /* PaymentCardsModuleBuilder.swift in Sources */,
				019EFD3F23C1D1D800294C84 /* UIColor+Theme.swift in Sources */,
				019EFD4123C1D23C00294C84 /* UIView+Theme.swift in Sources */,
				019EFD4B23C1EC2100294C84 /* AppError.swift in Sources */,
				0163C18923C5BEC50008754B /* CardConfig.swift in Sources */,
				01FABAF723C1C6C900A9A0CA /* AppRouter.swift in Sources */,
				019EFD3D23C1D1A200294C84 /* UITableView+Reusable.swift in Sources */,
				01A092CA23C2321A009C27CB /* UIPanGesture+Directions.swift in Sources */,
				019EFD3123C1D01100294C84 /* UIView+Autolayout.swift in Sources */,
				01FABAED23BF8C7C00A9A0CA /* PaymentCardsProtocols.swift in Sources */,
				0163C18623C5BB150008754B /* ActionView.swift in Sources */,
				019EFD4823C1E14A00294C84 /* MockNetwork.swift in Sources */,
				01FABAEB23BF8C7C00A9A0CA /* PaymentCardsRouter.swift in Sources */,
				0163C18423C5B4440008754B /* CardView.swift in Sources */,
				019EFD3823C1D08400294C84 /* AppDefaults.swift in Sources */,
			);
			runOnlyForDeploymentPostprocessing = 0;
		};
		01A1702123BF8B60007E21B1 /* Sources */ = {
			isa = PBXSourcesBuildPhase;
			buildActionMask = 2147483647;
			files = (
				01A1702A23BF8B60007E21B1 /* SwippyTests.swift in Sources */,
			);
			runOnlyForDeploymentPostprocessing = 0;
		};
		01A1702C23BF8B60007E21B1 /* Sources */ = {
			isa = PBXSourcesBuildPhase;
			buildActionMask = 2147483647;
			files = (
				01A1703523BF8B60007E21B1 /* SwippyUITests.swift in Sources */,
			);
			runOnlyForDeploymentPostprocessing = 0;
		};
/* End PBXSourcesBuildPhase section */

/* Begin PBXTargetDependency section */
		01A1702723BF8B60007E21B1 /* PBXTargetDependency */ = {
			isa = PBXTargetDependency;
			target = 01A1700E23BF8B5D007E21B1 /* Swippy */;
			targetProxy = 01A1702623BF8B60007E21B1 /* PBXContainerItemProxy */;
		};
		01A1703223BF8B60007E21B1 /* PBXTargetDependency */ = {
			isa = PBXTargetDependency;
			target = 01A1700E23BF8B5D007E21B1 /* Swippy */;
			targetProxy = 01A1703123BF8B60007E21B1 /* PBXContainerItemProxy */;
		};
/* End PBXTargetDependency section */

/* Begin PBXVariantGroup section */
		01A1701D23BF8B60007E21B1 /* LaunchScreen.storyboard */ = {
			isa = PBXVariantGroup;
			children = (
				01A1701E23BF8B60007E21B1 /* Base */,
			);
			name = LaunchScreen.storyboard;
			sourceTree = "<group>";
		};
/* End PBXVariantGroup section */

/* Begin XCBuildConfiguration section */
		01A1703723BF8B60007E21B1 /* Debug */ = {
			isa = XCBuildConfiguration;
			buildSettings = {
				ALWAYS_SEARCH_USER_PATHS = NO;
				CLANG_ANALYZER_NONNULL = YES;
				CLANG_ANALYZER_NUMBER_OBJECT_CONVERSION = YES_AGGRESSIVE;
				CLANG_CXX_LANGUAGE_STANDARD = "gnu++14";
				CLANG_CXX_LIBRARY = "libc++";
				CLANG_ENABLE_MODULES = YES;
				CLANG_ENABLE_OBJC_ARC = YES;
				CLANG_ENABLE_OBJC_WEAK = YES;
				CLANG_WARN_BLOCK_CAPTURE_AUTORELEASING = YES;
				CLANG_WARN_BOOL_CONVERSION = YES;
				CLANG_WARN_COMMA = YES;
				CLANG_WARN_CONSTANT_CONVERSION = YES;
				CLANG_WARN_DEPRECATED_OBJC_IMPLEMENTATIONS = YES;
				CLANG_WARN_DIRECT_OBJC_ISA_USAGE = YES_ERROR;
				CLANG_WARN_DOCUMENTATION_COMMENTS = YES;
				CLANG_WARN_EMPTY_BODY = YES;
				CLANG_WARN_ENUM_CONVERSION = YES;
				CLANG_WARN_INFINITE_RECURSION = YES;
				CLANG_WARN_INT_CONVERSION = YES;
				CLANG_WARN_NON_LITERAL_NULL_CONVERSION = YES;
				CLANG_WARN_OBJC_IMPLICIT_RETAIN_SELF = YES;
				CLANG_WARN_OBJC_LITERAL_CONVERSION = YES;
				CLANG_WARN_OBJC_ROOT_CLASS = YES_ERROR;
				CLANG_WARN_RANGE_LOOP_ANALYSIS = YES;
				CLANG_WARN_STRICT_PROTOTYPES = YES;
				CLANG_WARN_SUSPICIOUS_MOVE = YES;
				CLANG_WARN_UNGUARDED_AVAILABILITY = YES_AGGRESSIVE;
				CLANG_WARN_UNREACHABLE_CODE = YES;
				CLANG_WARN__DUPLICATE_METHOD_MATCH = YES;
				COPY_PHASE_STRIP = NO;
				DEBUG_INFORMATION_FORMAT = dwarf;
				ENABLE_STRICT_OBJC_MSGSEND = YES;
				ENABLE_TESTABILITY = YES;
				GCC_C_LANGUAGE_STANDARD = gnu11;
				GCC_DYNAMIC_NO_PIC = NO;
				GCC_NO_COMMON_BLOCKS = YES;
				GCC_OPTIMIZATION_LEVEL = 0;
				GCC_PREPROCESSOR_DEFINITIONS = (
					"DEBUG=1",
					"$(inherited)",
				);
				GCC_WARN_64_TO_32_BIT_CONVERSION = YES;
				GCC_WARN_ABOUT_RETURN_TYPE = YES_ERROR;
				GCC_WARN_UNDECLARED_SELECTOR = YES;
				GCC_WARN_UNINITIALIZED_AUTOS = YES_AGGRESSIVE;
				GCC_WARN_UNUSED_FUNCTION = YES;
				GCC_WARN_UNUSED_VARIABLE = YES;
				IPHONEOS_DEPLOYMENT_TARGET = 13.2;
				MTL_ENABLE_DEBUG_INFO = INCLUDE_SOURCE;
				MTL_FAST_MATH = YES;
				ONLY_ACTIVE_ARCH = YES;
				SDKROOT = iphoneos;
				SWIFT_ACTIVE_COMPILATION_CONDITIONS = DEBUG;
				SWIFT_OPTIMIZATION_LEVEL = "-Onone";
			};
			name = Debug;
		};
		01A1703823BF8B60007E21B1 /* Release */ = {
			isa = XCBuildConfiguration;
			buildSettings = {
				ALWAYS_SEARCH_USER_PATHS = NO;
				CLANG_ANALYZER_NONNULL = YES;
				CLANG_ANALYZER_NUMBER_OBJECT_CONVERSION = YES_AGGRESSIVE;
				CLANG_CXX_LANGUAGE_STANDARD = "gnu++14";
				CLANG_CXX_LIBRARY = "libc++";
				CLANG_ENABLE_MODULES = YES;
				CLANG_ENABLE_OBJC_ARC = YES;
				CLANG_ENABLE_OBJC_WEAK = YES;
				CLANG_WARN_BLOCK_CAPTURE_AUTORELEASING = YES;
				CLANG_WARN_BOOL_CONVERSION = YES;
				CLANG_WARN_COMMA = YES;
				CLANG_WARN_CONSTANT_CONVERSION = YES;
				CLANG_WARN_DEPRECATED_OBJC_IMPLEMENTATIONS = YES;
				CLANG_WARN_DIRECT_OBJC_ISA_USAGE = YES_ERROR;
				CLANG_WARN_DOCUMENTATION_COMMENTS = YES;
				CLANG_WARN_EMPTY_BODY = YES;
				CLANG_WARN_ENUM_CONVERSION = YES;
				CLANG_WARN_INFINITE_RECURSION = YES;
				CLANG_WARN_INT_CONVERSION = YES;
				CLANG_WARN_NON_LITERAL_NULL_CONVERSION = YES;
				CLANG_WARN_OBJC_IMPLICIT_RETAIN_SELF = YES;
				CLANG_WARN_OBJC_LITERAL_CONVERSION = YES;
				CLANG_WARN_OBJC_ROOT_CLASS = YES_ERROR;
				CLANG_WARN_RANGE_LOOP_ANALYSIS = YES;
				CLANG_WARN_STRICT_PROTOTYPES = YES;
				CLANG_WARN_SUSPICIOUS_MOVE = YES;
				CLANG_WARN_UNGUARDED_AVAILABILITY = YES_AGGRESSIVE;
				CLANG_WARN_UNREACHABLE_CODE = YES;
				CLANG_WARN__DUPLICATE_METHOD_MATCH = YES;
				COPY_PHASE_STRIP = NO;
				DEBUG_INFORMATION_FORMAT = "dwarf-with-dsym";
				ENABLE_NS_ASSERTIONS = NO;
				ENABLE_STRICT_OBJC_MSGSEND = YES;
				GCC_C_LANGUAGE_STANDARD = gnu11;
				GCC_NO_COMMON_BLOCKS = YES;
				GCC_WARN_64_TO_32_BIT_CONVERSION = YES;
				GCC_WARN_ABOUT_RETURN_TYPE = YES_ERROR;
				GCC_WARN_UNDECLARED_SELECTOR = YES;
				GCC_WARN_UNINITIALIZED_AUTOS = YES_AGGRESSIVE;
				GCC_WARN_UNUSED_FUNCTION = YES;
				GCC_WARN_UNUSED_VARIABLE = YES;
				IPHONEOS_DEPLOYMENT_TARGET = 13.2;
				MTL_ENABLE_DEBUG_INFO = NO;
				MTL_FAST_MATH = YES;
				SDKROOT = iphoneos;
				SWIFT_COMPILATION_MODE = wholemodule;
				SWIFT_OPTIMIZATION_LEVEL = "-O";
				VALIDATE_PRODUCT = YES;
			};
			name = Release;
		};
		01A1703A23BF8B60007E21B1 /* Debug */ = {
			isa = XCBuildConfiguration;
			baseConfigurationReference = ED8ECDC5D3ABEFC8EB2E4DB4 /* Pods-Swippy.debug.xcconfig */;
			buildSettings = {
				ASSETCATALOG_COMPILER_APPICON_NAME = AppIcon;
				CODE_SIGN_STYLE = Automatic;
				DEVELOPMENT_ASSET_PATHS = "\"Swippy/Preview Content\"";
				DEVELOPMENT_TEAM = N5BV6E5637;
				ENABLE_PREVIEWS = YES;
				INFOPLIST_FILE = "Swippy/Supporting Files/Info.plist";
				IPHONEOS_DEPLOYMENT_TARGET = 11.0;
				LD_RUNPATH_SEARCH_PATHS = (
					"$(inherited)",
					"@executable_path/Frameworks",
				);
				PRODUCT_BUNDLE_IDENTIFIER = in.SudiptaSahoo.Swippy;
				PRODUCT_NAME = "$(TARGET_NAME)";
				SWIFT_VERSION = 5.0;
				TARGETED_DEVICE_FAMILY = "1,2";
			};
			name = Debug;
		};
		01A1703B23BF8B60007E21B1 /* Release */ = {
			isa = XCBuildConfiguration;
			baseConfigurationReference = 6B3D706C9660B000C776DC90 /* Pods-Swippy.release.xcconfig */;
			buildSettings = {
				ASSETCATALOG_COMPILER_APPICON_NAME = AppIcon;
				CODE_SIGN_STYLE = Automatic;
				DEVELOPMENT_ASSET_PATHS = "\"Swippy/Preview Content\"";
				DEVELOPMENT_TEAM = N5BV6E5637;
				ENABLE_PREVIEWS = YES;
				INFOPLIST_FILE = "Swippy/Supporting Files/Info.plist";
				IPHONEOS_DEPLOYMENT_TARGET = 11.0;
				LD_RUNPATH_SEARCH_PATHS = (
					"$(inherited)",
					"@executable_path/Frameworks",
				);
				PRODUCT_BUNDLE_IDENTIFIER = in.SudiptaSahoo.Swippy;
				PRODUCT_NAME = "$(TARGET_NAME)";
				SWIFT_VERSION = 5.0;
				TARGETED_DEVICE_FAMILY = "1,2";
			};
			name = Release;
		};
		01A1703D23BF8B60007E21B1 /* Debug */ = {
			isa = XCBuildConfiguration;
			baseConfigurationReference = 18F1DD1A81B4D9F56103AE23 /* Pods-SwippyTests.debug.xcconfig */;
			buildSettings = {
				ALWAYS_EMBED_SWIFT_STANDARD_LIBRARIES = YES;
				BUNDLE_LOADER = "$(TEST_HOST)";
				CODE_SIGN_STYLE = Automatic;
				DEVELOPMENT_TEAM = N5BV6E5637;
				INFOPLIST_FILE = SwippyTests/Info.plist;
				IPHONEOS_DEPLOYMENT_TARGET = 13.2;
				LD_RUNPATH_SEARCH_PATHS = (
					"$(inherited)",
					"@executable_path/Frameworks",
					"@loader_path/Frameworks",
				);
				PRODUCT_BUNDLE_IDENTIFIER = in.SudiptaSahoo.SwippyTests;
				PRODUCT_NAME = "$(TARGET_NAME)";
				SWIFT_VERSION = 5.0;
				TARGETED_DEVICE_FAMILY = "1,2";
				TEST_HOST = "$(BUILT_PRODUCTS_DIR)/Swippy.app/Swippy";
			};
			name = Debug;
		};
		01A1703E23BF8B60007E21B1 /* Release */ = {
			isa = XCBuildConfiguration;
			baseConfigurationReference = 5418E29709A2D56BD7D60BF6 /* Pods-SwippyTests.release.xcconfig */;
			buildSettings = {
				ALWAYS_EMBED_SWIFT_STANDARD_LIBRARIES = YES;
				BUNDLE_LOADER = "$(TEST_HOST)";
				CODE_SIGN_STYLE = Automatic;
				DEVELOPMENT_TEAM = N5BV6E5637;
				INFOPLIST_FILE = SwippyTests/Info.plist;
				IPHONEOS_DEPLOYMENT_TARGET = 13.2;
				LD_RUNPATH_SEARCH_PATHS = (
					"$(inherited)",
					"@executable_path/Frameworks",
					"@loader_path/Frameworks",
				);
				PRODUCT_BUNDLE_IDENTIFIER = in.SudiptaSahoo.SwippyTests;
				PRODUCT_NAME = "$(TARGET_NAME)";
				SWIFT_VERSION = 5.0;
				TARGETED_DEVICE_FAMILY = "1,2";
				TEST_HOST = "$(BUILT_PRODUCTS_DIR)/Swippy.app/Swippy";
			};
			name = Release;
		};
		01A1704023BF8B60007E21B1 /* Debug */ = {
			isa = XCBuildConfiguration;
			baseConfigurationReference = 407A3496D2F630CEB6AB0FB4 /* Pods-Swippy-SwippyUITests.debug.xcconfig */;
			buildSettings = {
				ALWAYS_EMBED_SWIFT_STANDARD_LIBRARIES = YES;
				CODE_SIGN_STYLE = Automatic;
				DEVELOPMENT_TEAM = N5BV6E5637;
				INFOPLIST_FILE = SwippyUITests/Info.plist;
				LD_RUNPATH_SEARCH_PATHS = (
					"$(inherited)",
					"@executable_path/Frameworks",
					"@loader_path/Frameworks",
				);
				PRODUCT_BUNDLE_IDENTIFIER = in.SudiptaSahoo.SwippyUITests;
				PRODUCT_NAME = "$(TARGET_NAME)";
				SWIFT_VERSION = 5.0;
				TARGETED_DEVICE_FAMILY = "1,2";
				TEST_TARGET_NAME = Swippy;
			};
			name = Debug;
		};
		01A1704123BF8B60007E21B1 /* Release */ = {
			isa = XCBuildConfiguration;
			baseConfigurationReference = 4361BB1C3627E7FC3559163C /* Pods-Swippy-SwippyUITests.release.xcconfig */;
			buildSettings = {
				ALWAYS_EMBED_SWIFT_STANDARD_LIBRARIES = YES;
				CODE_SIGN_STYLE = Automatic;
				DEVELOPMENT_TEAM = N5BV6E5637;
				INFOPLIST_FILE = SwippyUITests/Info.plist;
				LD_RUNPATH_SEARCH_PATHS = (
					"$(inherited)",
					"@executable_path/Frameworks",
					"@loader_path/Frameworks",
				);
				PRODUCT_BUNDLE_IDENTIFIER = in.SudiptaSahoo.SwippyUITests;
				PRODUCT_NAME = "$(TARGET_NAME)";
				SWIFT_VERSION = 5.0;
				TARGETED_DEVICE_FAMILY = "1,2";
				TEST_TARGET_NAME = Swippy;
			};
			name = Release;
		};
/* End XCBuildConfiguration section */

/* Begin XCConfigurationList section */
		01A1700A23BF8B5D007E21B1 /* Build configuration list for PBXProject "Swippy" */ = {
			isa = XCConfigurationList;
			buildConfigurations = (
				01A1703723BF8B60007E21B1 /* Debug */,
				01A1703823BF8B60007E21B1 /* Release */,
			);
			defaultConfigurationIsVisible = 0;
			defaultConfigurationName = Release;
		};
		01A1703923BF8B60007E21B1 /* Build configuration list for PBXNativeTarget "Swippy" */ = {
			isa = XCConfigurationList;
			buildConfigurations = (
				01A1703A23BF8B60007E21B1 /* Debug */,
				01A1703B23BF8B60007E21B1 /* Release */,
			);
			defaultConfigurationIsVisible = 0;
			defaultConfigurationName = Release;
		};
		01A1703C23BF8B60007E21B1 /* Build configuration list for PBXNativeTarget "SwippyTests" */ = {
			isa = XCConfigurationList;
			buildConfigurations = (
				01A1703D23BF8B60007E21B1 /* Debug */,
				01A1703E23BF8B60007E21B1 /* Release */,
			);
			defaultConfigurationIsVisible = 0;
			defaultConfigurationName = Release;
		};
		01A1703F23BF8B60007E21B1 /* Build configuration list for PBXNativeTarget "SwippyUITests" */ = {
			isa = XCConfigurationList;
			buildConfigurations = (
				01A1704023BF8B60007E21B1 /* Debug */,
				01A1704123BF8B60007E21B1 /* Release */,
			);
			defaultConfigurationIsVisible = 0;
			defaultConfigurationName = Release;
		};
/* End XCConfigurationList section */
	};
	rootObject = 01A1700723BF8B5D007E21B1 /* Project object */;
}
